
Microsoft Visual Studio Solution File, Format Version 12.00
# Visual Studio Version 17
VisualStudioVersion = 17.2.32526.322
MinimumVisualStudioVersion = 10.0.40219.1
Project("{FAE04EC0-301F-11D3-BF4B-00C04F79EFBC}") = "HomeWork11_21", "HomeWork11_21\HomeWork11_21.csproj", "{B76B7BBF-5F70-40A2-A96A-6B27F0BE88EF}"
EndProject
Global
	GlobalSection(SolutionConfigurationPlatforms) = preSolution
		Debug|Any CPU = Debug|Any CPU
		Release|Any CPU = Release|Any CPU
	EndGlobalSection
	GlobalSection(ProjectConfigurationPlatforms) = postSolution
		{B76B7BBF-5F70-40A2-A96A-6B27F0BE88EF}.Debug|Any CPU.ActiveCfg = Debug|Any CPU
		{B76B7BBF-5F70-40A2-A96A-6B27F0BE88EF}.Debug|Any CPU.Build.0 = Debug|Any CPU
		{B76B7BBF-5F70-40A2-A96A-6B27F0BE88EF}.Release|Any CPU.ActiveCfg = Release|Any CPU
		{B76B7BBF-5F70-40A2-A96A-6B27F0BE88EF}.Release|Any CPU.Build.0 = Release|Any CPU
	EndGlobalSection
	GlobalSection(SolutionProperties) = preSolution
		HideSolutionNode = FALSE
	EndGlobalSection
	GlobalSection(ExtensibilityGlobals) = postSolution
		SolutionGuid = {CDF6C6B0-9A73-4824-9E44-EEC98C2DFFDA}
	EndGlobalSection
EndGlobal
