
Microsoft Visual Studio Solution File, Format Version 12.00
# Visual Studio Version 17
VisualStudioVersion = 17.2.32526.322
MinimumVisualStudioVersion = 10.0.40219.1
Project("{FAE04EC0-301F-11D3-BF4B-00C04F79EFBC}") = "HomeWork11_29", "HomeWork11_29\HomeWork11_29.csproj", "{C104EDE9-218C-4E43-A030-364287147F6F}"
EndProject
Global
	GlobalSection(SolutionConfigurationPlatforms) = preSolution
		Debug|Any CPU = Debug|Any CPU
		Release|Any CPU = Release|Any CPU
	EndGlobalSection
	GlobalSection(ProjectConfigurationPlatforms) = postSolution
		{C104EDE9-218C-4E43-A030-364287147F6F}.Debug|Any CPU.ActiveCfg = Debug|Any CPU
		{C104EDE9-218C-4E43-A030-364287147F6F}.Debug|Any CPU.Build.0 = Debug|Any CPU
		{C104EDE9-218C-4E43-A030-364287147F6F}.Release|Any CPU.ActiveCfg = Release|Any CPU
		{C104EDE9-218C-4E43-A030-364287147F6F}.Release|Any CPU.Build.0 = Release|Any CPU
	EndGlobalSection
	GlobalSection(SolutionProperties) = preSolution
		HideSolutionNode = FALSE
	EndGlobalSection
	GlobalSection(ExtensibilityGlobals) = postSolution
		SolutionGuid = {71611215-D26E-41BF-B8DE-7CCCB67E4785}
	EndGlobalSection
EndGlobal
