
Microsoft Visual Studio Solution File, Format Version 12.00
# Visual Studio Version 17
VisualStudioVersion = 17.2.32526.322
MinimumVisualStudioVersion = 10.0.40219.1
Project("{FAE04EC0-301F-11D3-BF4B-00C04F79EFBC}") = "RecordTuple", "RecordTuple\RecordTuple.csproj", "{A6500571-E400-4B7C-9FCB-A98C8B3D62B5}"
EndProject
Global
	GlobalSection(SolutionConfigurationPlatforms) = preSolution
		Debug|Any CPU = Debug|Any CPU
		Release|Any CPU = Release|Any CPU
	EndGlobalSection
	GlobalSection(ProjectConfigurationPlatforms) = postSolution
		{A6500571-E400-4B7C-9FCB-A98C8B3D62B5}.Debug|Any CPU.ActiveCfg = Debug|Any CPU
		{A6500571-E400-4B7C-9FCB-A98C8B3D62B5}.Debug|Any CPU.Build.0 = Debug|Any CPU
		{A6500571-E400-4B7C-9FCB-A98C8B3D62B5}.Release|Any CPU.ActiveCfg = Release|Any CPU
		{A6500571-E400-4B7C-9FCB-A98C8B3D62B5}.Release|Any CPU.Build.0 = Release|Any CPU
	EndGlobalSection
	GlobalSection(SolutionProperties) = preSolution
		HideSolutionNode = FALSE
	EndGlobalSection
	GlobalSection(ExtensibilityGlobals) = postSolution
		SolutionGuid = {2D591BF3-BAE1-4459-B14A-8A94F1EC7D41}
	EndGlobalSection
EndGlobal
