
Microsoft Visual Studio Solution File, Format Version 12.00
# Visual Studio Version 17
VisualStudioVersion = 17.2.32526.322
MinimumVisualStudioVersion = 10.0.40219.1
Project("{FAE04EC0-301F-11D3-BF4B-00C04F79EFBC}") = "HomeWork11_24", "HomeWork11_24\HomeWork11_24.csproj", "{417238D8-97C2-4C2B-87F6-7E19D02DEB1C}"
EndProject
Global
	GlobalSection(SolutionConfigurationPlatforms) = preSolution
		Debug|Any CPU = Debug|Any CPU
		Release|Any CPU = Release|Any CPU
	EndGlobalSection
	GlobalSection(ProjectConfigurationPlatforms) = postSolution
		{417238D8-97C2-4C2B-87F6-7E19D02DEB1C}.Debug|Any CPU.ActiveCfg = Debug|Any CPU
		{417238D8-97C2-4C2B-87F6-7E19D02DEB1C}.Debug|Any CPU.Build.0 = Debug|Any CPU
		{417238D8-97C2-4C2B-87F6-7E19D02DEB1C}.Release|Any CPU.ActiveCfg = Release|Any CPU
		{417238D8-97C2-4C2B-87F6-7E19D02DEB1C}.Release|Any CPU.Build.0 = Release|Any CPU
	EndGlobalSection
	GlobalSection(SolutionProperties) = preSolution
		HideSolutionNode = FALSE
	EndGlobalSection
	GlobalSection(ExtensibilityGlobals) = postSolution
		SolutionGuid = {58189196-E946-4CD4-8649-6F4FA3689949}
	EndGlobalSection
EndGlobal
