
Microsoft Visual Studio Solution File, Format Version 12.00
# Visual Studio Version 17
VisualStudioVersion = 17.2.32526.322
MinimumVisualStudioVersion = 10.0.40219.1
Project("{FAE04EC0-301F-11D3-BF4B-00C04F79EFBC}") = "HomeWork12_02", "HomeWork12_02\HomeWork12_02.csproj", "{900CA9EC-0915-4D59-A24A-C86ABACFE844}"
EndProject
Global
	GlobalSection(SolutionConfigurationPlatforms) = preSolution
		Debug|Any CPU = Debug|Any CPU
		Release|Any CPU = Release|Any CPU
	EndGlobalSection
	GlobalSection(ProjectConfigurationPlatforms) = postSolution
		{900CA9EC-0915-4D59-A24A-C86ABACFE844}.Debug|Any CPU.ActiveCfg = Debug|Any CPU
		{900CA9EC-0915-4D59-A24A-C86ABACFE844}.Debug|Any CPU.Build.0 = Debug|Any CPU
		{900CA9EC-0915-4D59-A24A-C86ABACFE844}.Release|Any CPU.ActiveCfg = Release|Any CPU
		{900CA9EC-0915-4D59-A24A-C86ABACFE844}.Release|Any CPU.Build.0 = Release|Any CPU
	EndGlobalSection
	GlobalSection(SolutionProperties) = preSolution
		HideSolutionNode = FALSE
	EndGlobalSection
	GlobalSection(ExtensibilityGlobals) = postSolution
		SolutionGuid = {702CBB57-3488-459A-B904-614B555D1EBE}
	EndGlobalSection
EndGlobal
